
Microsoft Visual Studio Solution File, Format Version 12.00
# Visual Studio Version 17
VisualStudioVersion = 17.3.32929.385
MinimumVisualStudioVersion = 10.0.40219.1
Project("{FAE04EC0-301F-11D3-BF4B-00C04F79EFBC}") = "Optimized Graph Test", "Graph Test\Optimized Graph Test.csproj", "{A15949D1-E8B0-4DAC-9205-5C74529A2CA7}"
EndProject
Global
	GlobalSection(SolutionConfigurationPlatforms) = preSolution
		Debug|Any CPU = Debug|Any CPU
		Release|Any CPU = Release|Any CPU
	EndGlobalSection
	GlobalSection(ProjectConfigurationPlatforms) = postSolution
		{A15949D1-E8B0-4DAC-9205-5C74529A2CA7}.Debug|Any CPU.ActiveCfg = Debug|Any CPU
		{A15949D1-E8B0-4DAC-9205-5C74529A2CA7}.Debug|Any CPU.Build.0 = Debug|Any CPU
		{A15949D1-E8B0-4DAC-9205-5C74529A2CA7}.Release|Any CPU.ActiveCfg = Release|Any CPU
		{A15949D1-E8B0-4DAC-9205-5C74529A2CA7}.Release|Any CPU.Build.0 = Release|Any CPU
	EndGlobalSection
	GlobalSection(SolutionProperties) = preSolution
		HideSolutionNode = FALSE
	EndGlobalSection
	GlobalSection(ExtensibilityGlobals) = postSolution
		SolutionGuid = {E8262B3A-F83E-412F-8B59-C00188A258E6}
	EndGlobalSection
EndGlobal
